<?xml version="1.0" encoding="utf-8"?>
<Project ToolsVersion="4.0" xmlns="http://schemas.microsoft.com/developer/msbuild/2003">
  <ItemGroup>
    <ClCompile Include="JumpTableTests.cpp">
      <Filter>Source Files\Test</Filter>
    </ClCompile>
    <ClCompile Include="Main.cpp">
      <Filter>Source Files\Test</Filter>
    </ClCompile>
    <ClCompile Include="ArrayTests.cpp">
      <Filter>Source Files\Test\Type\Std\Container</Filter>
    </ClCompile>
    <ClCompile Include="ForwardListTests.cpp">
      <Filter>Source Files\Test\Type\Std\Container</Filter>
    </ClCompile>
    <ClCompile Include="ListTests.cpp">
      <Filter>Source Files\Test\Type\Std\Container</Filter>
    </ClCompile>
    <ClCompile Include="MapTests.cpp">
      <Filter>Source Files\Test\Type\Std\Container</Filter>
    </ClCompile>
    <ClCompile Include="MultiMapTests.cpp">
      <Filter>Source Files\Test\Type\Std\Container</Filter>
    </ClCompile>
    <ClCompile Include="MultiSetTests.cpp">
      <Filter>Source Files\Test\Type\Std\Container</Filter>
    </ClCompile>
    <ClCompile Include="QueueTests.cpp">
      <Filter>Source Files\Test\Type\Std\Container</Filter>
    </ClCompile>
    <ClCompile Include="SetTests.cpp">
      <Filter>Source Files\Test\Type\Std\Container</Filter>
    </ClCompile>
    <ClCompile Include="StackTests.cpp">
      <Filter>Source Files\Test\Type\Std\Container</Filter>
    </ClCompile>
    <ClCompile Include="UnorderedMapTests.cpp">
      <Filter>Source Files\Test\Type\Std\Container</Filter>
    </ClCompile>
    <ClCompile Include="UnorderedMultiMapTests.cpp">
      <Filter>Source Files\Test\Type\Std\Container</Filter>
    </ClCompile>
    <ClCompile Include="UnorderedMultisetTests.cpp">
      <Filter>Source Files\Test\Type\Std\Container</Filter>
    </ClCompile>
    <ClCompile Include="UnorderedSetTests.cpp">
      <Filter>Source Files\Test\Type\Std\Container</Filter>
    </ClCompile>
    <ClCompile Include="VectorTests.cpp">
      <Filter>Source Files\Test\Type\Std\Container</Filter>
    </ClCompile>
    <ClCompile Include="FilePathTests.cpp">
      <Filter>Source Files\Test\Type\Std</Filter>
    </ClCompile>
    <ClCompile Include="MemoryTests.cpp">
      <Filter>Source Files\Test\Type\Std</Filter>
    </ClCompile>
    <ClCompile Include="OptionalTests.cpp">
      <Filter>Source Files\Test\Type\Std</Filter>
    </ClCompile>
    <ClCompile Include="StringTests.cpp">
      <Filter>Source Files\Test\Type\Std</Filter>
    </ClCompile>
    <ClCompile Include="TupleTests.cpp">
      <Filter>Source Files\Test\Type\Std</Filter>
    </ClCompile>
    <ClCompile Include="VariantTests.cpp">
      <Filter>Source Files\Test\Type\Std</Filter>
    </ClCompile>
    <ClCompile Include="BinaryEnumTests.cpp">
      <Filter>Source Files\Test\Binary</Filter>
    </ClCompile>
    <ClCompile Include="BinaryIntegrationTests.cpp">
      <Filter>Source Files\Test\Binary</Filter>
    </ClCompile>
    <ClCompile Include="BinaryPointerTests.cpp">
      <Filter>Source Files\Test\Binary</Filter>
    </ClCompile>
    <ClCompile Include="BinaryPolymorphicConstructionTests.cpp">
      <Filter>Source Files\Test\Binary</Filter>
    </ClCompile>
    <ClCompile Include="BinaryPolymorphicListTests.cpp">
      <Filter>Source Files\Test\Binary</Filter>
    </ClCompile>
    <ClCompile Include="BinaryPolymorphicManualRegistrationTests.cpp">
      <Filter>Source Files\Test\Binary</Filter>
    </ClCompile>
    <ClCompile Include="BinaryPolymorphicTests.cpp">
      <Filter>Source Files\Test\Binary</Filter>
    </ClCompile>
    <ClCompile Include="BinaryTableTests.cpp">
      <Filter>Source Files\Test\Binary</Filter>
    </ClCompile>
    <ClCompile Include="BinaryTests.cpp">
      <Filter>Source Files\Test\Binary</Filter>
    </ClCompile>
    <ClCompile Include="JsonEnumTests.cpp">
      <Filter>Source Files\Test\Json</Filter>
    </ClCompile>
    <ClCompile Include="JsonTests.cpp">
      <Filter>Source Files\Test\Json</Filter>
    </ClCompile>
    <ClCompile Include="FilePositionTests.cpp">
      <Filter>Source Files\Test\Type\Std</Filter>
    </ClCompile>
    <ClCompile Include="TextTests.cpp">
      <Filter>Source Files\Test\Text</Filter>
    </ClCompile>
    <ClCompile Include="UserContextTests.cpp">
      <Filter>Source Files\Test</Filter>
    </ClCompile>
    <ClCompile Include="JsonStringTests.cpp">
      <Filter>Source Files\Test\Json</Filter>
    </ClCompile>
  </ItemGroup>
  <ItemGroup>
    <ClInclude Include="GeneralFixture.h">
      <Filter>Header Files\Fixture</Filter>
    </ClInclude>
    <ClInclude Include="TestClass.h">
      <Filter>Header Files\Data</Filter>
    </ClInclude>
    <ClInclude Include="BinaryTableTests.h">
      <Filter>Header Files\Test\Binary</Filter>
    </ClInclude>
    <ClInclude Include="Basics.h">
      <Filter>Header Files\Data</Filter>
    </ClInclude>
    <ClInclude Include="NamedClass.h">
      <Filter>Header Files\Data</Filter>
    </ClInclude>
  </ItemGroup>
  <ItemGroup>
    <Filter Include="Header Files">
      <UniqueIdentifier>{0ebe9609-6751-49b5-bab5-dcf3a4e10073}</UniqueIdentifier>
    </Filter>
    <Filter Include="Source Files">
      <UniqueIdentifier>{7b3bfe88-e3d6-47ca-8bb5-81318d361300}</UniqueIdentifier>
    </Filter>
    <Filter Include="Header Files\Fixture">
      <UniqueIdentifier>{65c46dfe-e083-4691-b686-d6260d99fee9}</UniqueIdentifier>
    </Filter>
    <Filter Include="Header Files\Test">
      <UniqueIdentifier>{41d5a0c1-8917-496a-9b59-41d1c43a4bca}</UniqueIdentifier>
    </Filter>
    <Filter Include="Header Files\Data">
      <UniqueIdentifier>{83a92df9-2181-4fa4-9ccf-0147d2220d50}</UniqueIdentifier>
    </Filter>
    <Filter Include="Source Files\Test">
      <UniqueIdentifier>{356454e3-2ed3-4c45-a1be-cb33a62b0bd6}</UniqueIdentifier>
    </Filter>
    <Filter Include="Source Files\Test\Type">
      <UniqueIdentifier>{f20cc80c-7a37-4164-8536-587ceec39ec6}</UniqueIdentifier>
    </Filter>
    <Filter Include="Source Files\Test\Type\Std">
      <UniqueIdentifier>{6e9850c7-a298-4295-a778-7aabaf4a3ac0}</UniqueIdentifier>
    </Filter>
    <Filter Include="Source Files\Test\Type\Std\Container">
      <UniqueIdentifier>{bca9b80d-9b5d-40c5-a3e1-1cb2fb3697fe}</UniqueIdentifier>
    </Filter>
    <Filter Include="Source Files\Test\Binary">
      <UniqueIdentifier>{96aa668a-3cec-4b60-9699-dfa27c4927b2}</UniqueIdentifier>
    </Filter>
    <Filter Include="Source Files\Test\Json">
      <UniqueIdentifier>{f72ac7cd-4737-40d6-b1c4-d928a47660c8}</UniqueIdentifier>
    </Filter>
    <Filter Include="Source Files\Test\Text">
      <UniqueIdentifier>{aca5c674-c5b5-4f4a-b245-399131435b55}</UniqueIdentifier>
    </Filter>
    <Filter Include="Header Files\Test\Binary">
      <UniqueIdentifier>{39e773bc-cf0a-498b-a9c0-94a4bac1e99d}</UniqueIdentifier>
    </Filter>
  </ItemGroup>
</Project>