<?xml version="1.0" encoding="utf-8"?>
<Project ToolsVersion="4.0" xmlns="http://schemas.microsoft.com/developer/msbuild/2003">
  <ItemGroup>
    <ClCompile Include="Main.cpp">
      <Filter>Source Files\Tests</Filter>
    </ClCompile>
    <ClCompile Include="BinaryEnumTests.cpp">
      <Filter>Source Files\Tests\Binary</Filter>
    </ClCompile>
    <ClCompile Include="BinaryPointerTests.cpp">
      <Filter>Source Files\Tests\Binary</Filter>
    </ClCompile>
    <ClCompile Include="BinaryPolymorphicConstructionTests.cpp">
      <Filter>Source Files\Tests\Binary</Filter>
    </ClCompile>
    <ClCompile Include="BinaryPolymorphicListTests.cpp">
      <Filter>Source Files\Tests\Binary</Filter>
    </ClCompile>
    <ClCompile Include="BinaryPolymorphicManualRegistrationTests.cpp">
      <Filter>Source Files\Tests\Binary</Filter>
    </ClCompile>
    <ClCompile Include="BinaryPolymorphicTests.cpp">
      <Filter>Source Files\Tests\Binary</Filter>
    </ClCompile>
    <ClCompile Include="BinaryTableTests.cpp">
      <Filter>Source Files\Tests\Binary</Filter>
    </ClCompile>
    <ClCompile Include="BinaryTests.cpp">
      <Filter>Source Files\Tests\Binary</Filter>
    </ClCompile>
    <ClCompile Include="VectorTests.cpp">
      <Filter>Source Files\Tests\Scribe\Types\Std\Containers</Filter>
    </ClCompile>
    <ClCompile Include="ArrayTests.cpp">
      <Filter>Source Files\Tests\Scribe\Types\Std\Containers</Filter>
    </ClCompile>
    <ClCompile Include="ForwardListTests.cpp">
      <Filter>Source Files\Tests\Scribe\Types\Std\Containers</Filter>
    </ClCompile>
    <ClCompile Include="ListTests.cpp">
      <Filter>Source Files\Tests\Scribe\Types\Std\Containers</Filter>
    </ClCompile>
    <ClCompile Include="MapTests.cpp">
      <Filter>Source Files\Tests\Scribe\Types\Std\Containers</Filter>
    </ClCompile>
    <ClCompile Include="MultiMapTests.cpp">
      <Filter>Source Files\Tests\Scribe\Types\Std\Containers</Filter>
    </ClCompile>
    <ClCompile Include="MultiSetTests.cpp">
      <Filter>Source Files\Tests\Scribe\Types\Std\Containers</Filter>
    </ClCompile>
    <ClCompile Include="QueueTests.cpp">
      <Filter>Source Files\Tests\Scribe\Types\Std\Containers</Filter>
    </ClCompile>
    <ClCompile Include="SetTests.cpp">
      <Filter>Source Files\Tests\Scribe\Types\Std\Containers</Filter>
    </ClCompile>
    <ClCompile Include="StackTests.cpp">
      <Filter>Source Files\Tests\Scribe\Types\Std\Containers</Filter>
    </ClCompile>
    <ClCompile Include="UnorderedMapTests.cpp">
      <Filter>Source Files\Tests\Scribe\Types\Std\Containers</Filter>
    </ClCompile>
    <ClCompile Include="UnorderedMultiMapTests.cpp">
      <Filter>Source Files\Tests\Scribe\Types\Std\Containers</Filter>
    </ClCompile>
    <ClCompile Include="UnorderedMultisetTests.cpp">
      <Filter>Source Files\Tests\Scribe\Types\Std\Containers</Filter>
    </ClCompile>
    <ClCompile Include="UnorderedSetTests.cpp">
      <Filter>Source Files\Tests\Scribe\Types\Std\Containers</Filter>
    </ClCompile>
    <ClCompile Include="MemoryTests.cpp">
      <Filter>Source Files\Tests\Scribe\Types\Std</Filter>
    </ClCompile>
    <ClCompile Include="StringTests.cpp">
      <Filter>Source Files\Tests\Scribe\Types\Std</Filter>
    </ClCompile>
    <ClCompile Include="TupleTests.cpp">
      <Filter>Source Files\Tests\Scribe\Types\Std</Filter>
    </ClCompile>
    <ClCompile Include="TextTests.cpp">
      <Filter>Source Files\Tests\Text</Filter>
    </ClCompile>
    <ClCompile Include="BinaryIntegrationTests.cpp">
      <Filter>Source Files\Tests\Binary</Filter>
    </ClCompile>
  </ItemGroup>
  <ItemGroup>
    <ClInclude Include="TextFixture.h">
      <Filter>Header Files\Fixtures</Filter>
    </ClInclude>
    <ClInclude Include="BinaryFixture.h">
      <Filter>Header Files\Fixtures</Filter>
    </ClInclude>
    <ClInclude Include="GeneralFixture.h">
      <Filter>Header Files\Fixtures</Filter>
    </ClInclude>
    <ClInclude Include="BinaryTableTests.h">
      <Filter>Header Files\Tests</Filter>
    </ClInclude>
  </ItemGroup>
  <ItemGroup>
    <None Include="Tests.runsettings" />
  </ItemGroup>
  <ItemGroup>
    <Filter Include="Source Files">
      <UniqueIdentifier>{d073549c-b050-4143-8b4d-b76206644096}</UniqueIdentifier>
    </Filter>
    <Filter Include="Header Files">
      <UniqueIdentifier>{730a2410-2a25-43a2-82a6-e85a751f561d}</UniqueIdentifier>
    </Filter>
    <Filter Include="Source Files\Tests">
      <UniqueIdentifier>{bdd35c8c-85c0-41d7-b35b-f37ef0346bda}</UniqueIdentifier>
    </Filter>
    <Filter Include="Header Files\Fixtures">
      <UniqueIdentifier>{d92cfe17-366a-42c6-8a04-d5f45cfb7066}</UniqueIdentifier>
    </Filter>
    <Filter Include="Source Files\Tests\Scribe">
      <UniqueIdentifier>{f80a277c-9914-45eb-886a-f3efbbf79773}</UniqueIdentifier>
    </Filter>
    <Filter Include="Source Files\Tests\Scribe\Types">
      <UniqueIdentifier>{2b41f5e9-c7fe-4641-93e3-e8082689280f}</UniqueIdentifier>
    </Filter>
    <Filter Include="Source Files\Tests\Scribe\Types\Std">
      <UniqueIdentifier>{0f58fa2f-fd97-4484-84dd-c9a8cc6f14c9}</UniqueIdentifier>
    </Filter>
    <Filter Include="Source Files\Tests\Binary">
      <UniqueIdentifier>{07f185df-6ad9-4733-81a6-0f1274053fc2}</UniqueIdentifier>
    </Filter>
    <Filter Include="Source Files\Tests\Scribe\Types\Std\Containers">
      <UniqueIdentifier>{f1beb1cc-7981-4923-9798-1e9f7d1649db}</UniqueIdentifier>
    </Filter>
    <Filter Include="Source Files\Tests\Text">
      <UniqueIdentifier>{d8b211ad-2f02-4f56-9a45-e8ff0738809e}</UniqueIdentifier>
    </Filter>
    <Filter Include="Header Files\Tests">
      <UniqueIdentifier>{f19a61c9-3e31-48e0-ab59-475669e03ee7}</UniqueIdentifier>
    </Filter>
  </ItemGroup>
</Project>