<?xml version="1.0" encoding="utf-8"?>
<Project ToolsVersion="14.0" xmlns="http://schemas.microsoft.com/developer/msbuild/2003">
  <ItemGroup>
    <ClInclude Include="ContainerSize.h">
      <Filter>Header Files</Filter>
    </ClInclude>
    <ClInclude Include="Endian.h">
      <Filter>Header Files</Filter>
    </ClInclude>
    <ClInclude Include="Version.h">
      <Filter>Header Files</Filter>
    </ClInclude>
    <ClInclude Include="Buffer.h">
      <Filter>Header Files</Filter>
    </ClInclude>
    <ClInclude Include="Assert.h">
      <Filter>Header Files</Filter>
    </ClInclude>
    <ClInclude Include="UndefAssert.h">
      <Filter>Header Files</Filter>
    </ClInclude>
    <ClInclude Include="ClassNameResolver.h">
      <Filter>Header Files\ClassName</Filter>
    </ClInclude>
    <ClInclude Include="ClassName.h">
      <Filter>Header Files\ClassName</Filter>
    </ClInclude>
    <ClInclude Include="Type.h">
      <Filter>Header Files</Filter>
    </ClInclude>
    <ClInclude Include="Direction.h">
      <Filter>Header Files</Filter>
    </ClInclude>
    <ClInclude Include="InputBinaryFile.h">
      <Filter>Header Files\File\Binary</Filter>
    </ClInclude>
    <ClInclude Include="OutputBinaryFile.h">
      <Filter>Header Files\File\Binary</Filter>
    </ClInclude>
    <ClInclude Include="InvalidSignature.h">
      <Filter>Header Files\Exception</Filter>
    </ClInclude>
    <ClInclude Include="RegisteredTypeNotFound.h">
      <Filter>Header Files\Exception</Filter>
    </ClInclude>
    <ClInclude Include="Exception.h">
      <Filter>Header Files\Exception</Filter>
    </ClInclude>
    <ClInclude Include="InputSimpleFile.h">
      <Filter>Header Files\File\Simple</Filter>
    </ClInclude>
    <ClInclude Include="OutputSimpleFile.h">
      <Filter>Header Files\File\Simple</Filter>
    </ClInclude>
    <ClInclude Include="SimpleFile.h">
      <Filter>Header Files\File\Simple</Filter>
    </ClInclude>
    <ClInclude Include="OutputTextFile.h">
      <Filter>Header Files\File\Text</Filter>
    </ClInclude>
    <ClInclude Include="InputTextFile.h">
      <Filter>Header Files\File\Text</Filter>
    </ClInclude>
    <ClInclude Include="NumericTraits.h">
      <Filter>Header Files</Filter>
    </ClInclude>
    <ClInclude Include="TypeRegistrationContext.h">
      <Filter>Header Files\RegisteredTypes</Filter>
    </ClInclude>
    <ClInclude Include="FileEncounteredError.h">
      <Filter>Header Files\File</Filter>
    </ClInclude>
    <ClInclude Include="UnopenableFile.h">
      <Filter>Header Files\File</Filter>
    </ClInclude>
    <ClInclude Include="TableVariableNotHere.h">
      <Filter>Header Files\Scribe\Errors</Filter>
    </ClInclude>
    <ClInclude Include="TableNotConstructed.h">
      <Filter>Header Files\Scribe\Errors</Filter>
    </ClInclude>
    <ClInclude Include="TableNotLinked.h">
      <Filter>Header Files\Scribe\Errors</Filter>
    </ClInclude>
    <ClInclude Include="BaseClassNotInTable.h">
      <Filter>Header Files\Scribe\Errors</Filter>
    </ClInclude>
    <ClInclude Include="Const.h">
      <Filter>Header Files\Const</Filter>
    </ClInclude>
    <ClInclude Include="VerifyNonConst.h">
      <Filter>Header Files\Const</Filter>
    </ClInclude>
    <ClInclude Include="TypeMap.h">
      <Filter>Header Files</Filter>
    </ClInclude>
    <ClInclude Include="ObjectTracker.h">
      <Filter>Header Files\Tracking\Objects</Filter>
    </ClInclude>
    <ClInclude Include="TrackingID.h">
      <Filter>Header Files\Tracking</Filter>
    </ClInclude>
    <ClInclude Include="ObjectTrackingMap.h">
      <Filter>Header Files\Tracking\Objects</Filter>
    </ClInclude>
    <ClInclude Include="ObjectTrackingMapEntry.h">
      <Filter>Header Files\Tracking\Objects</Filter>
    </ClInclude>
    <ClInclude Include="TypeTracker.h">
      <Filter>Header Files\Tracking\Types</Filter>
    </ClInclude>
    <ClInclude Include="SpecialTypeTrackingID.h">
      <Filter>Header Files\Tracking\Types</Filter>
    </ClInclude>
    <ClInclude Include="TypeTrackerEntry.h">
      <Filter>Header Files\Tracking\Types</Filter>
    </ClInclude>
    <ClInclude Include="SpecialObjectTrackingID.h">
      <Filter>Header Files\Tracking\Objects</Filter>
    </ClInclude>
    <ClInclude Include="PolymorphicManager.h">
      <Filter>Header Files\Polymorphic</Filter>
    </ClInclude>
    <ClInclude Include="BinaryArchive.h">
      <Filter>Header Files\Archive\Binary</Filter>
    </ClInclude>
    <ClInclude Include="InputBinaryArchive.h">
      <Filter>Header Files\Archive\Binary</Filter>
    </ClInclude>
    <ClInclude Include="OutputBinaryArchive.h">
      <Filter>Header Files\Archive\Binary</Filter>
    </ClInclude>
    <ClInclude Include="InputTextArchive.h">
      <Filter>Header Files\Archive\Text</Filter>
    </ClInclude>
    <ClInclude Include="OutputTextArchive.h">
      <Filter>Header Files\Archive\Text</Filter>
    </ClInclude>
    <ClInclude Include="TextArchive.h">
      <Filter>Header Files\Archive\Text</Filter>
    </ClInclude>
    <ClInclude Include="Archive.h">
      <Filter>Header Files\Archive</Filter>
    </ClInclude>
    <ClInclude Include="InvalidArchiveDirection.h">
      <Filter>Header Files\Archive</Filter>
    </ClInclude>
    <ClInclude Include="ScopeTrackingModifier.h">
      <Filter>Header Files\Tracking</Filter>
    </ClInclude>
    <ClInclude Include="ScopeConstructor.h">
      <Filter>Header Files</Filter>
    </ClInclude>
    <ClInclude Include="Scribe.h">
      <Filter>Header Files\Scribe</Filter>
    </ClInclude>
    <ClInclude Include="ScribeBase.h">
      <Filter>Header Files\Scribe</Filter>
    </ClInclude>
    <ClInclude Include="BaseScriven.h">
      <Filter>Header Files</Filter>
    </ClInclude>
    <ClInclude Include="Access.h">
      <Filter>Header Files</Filter>
    </ClInclude>
    <ClInclude Include="PolymorphicTypeNotFound.h">
      <Filter>Header Files\Polymorphic</Filter>
    </ClInclude>
    <ClInclude Include="TableScribe.h">
      <Filter>Header Files\Scribe\Base\Table</Filter>
    </ClInclude>
    <ClInclude Include="CompositeScribe.h">
      <Filter>Header Files\Scribe\Base</Filter>
    </ClInclude>
    <ClInclude Include="NumericScribe.h">
      <Filter>Header Files\Scribe\Base</Filter>
    </ClInclude>
    <ClInclude Include="PointerScribe.h">
      <Filter>Header Files\Scribe\Base</Filter>
    </ClInclude>
    <ClInclude Include="MemoryScribe.h">
      <Filter>Header Files\Scribe\Types\Std</Filter>
    </ClInclude>
    <ClInclude Include="StringScribe.h">
      <Filter>Header Files\Scribe\Types\Std</Filter>
    </ClInclude>
    <ClInclude Include="TupleScribe.h">
      <Filter>Header Files\Scribe\Types\Std</Filter>
    </ClInclude>
    <ClInclude Include="ArrayScribe.h">
      <Filter>Header Files\Scribe\Types\Std\Containers</Filter>
    </ClInclude>
    <ClInclude Include="ForwardListScribe.h">
      <Filter>Header Files\Scribe\Types\Std\Containers</Filter>
    </ClInclude>
    <ClInclude Include="ListScribe.h">
      <Filter>Header Files\Scribe\Types\Std\Containers</Filter>
    </ClInclude>
    <ClInclude Include="MapScribe.h">
      <Filter>Header Files\Scribe\Types\Std\Containers</Filter>
    </ClInclude>
    <ClInclude Include="MultimapScribe.h">
      <Filter>Header Files\Scribe\Types\Std\Containers</Filter>
    </ClInclude>
    <ClInclude Include="MultisetScribe.h">
      <Filter>Header Files\Scribe\Types\Std\Containers</Filter>
    </ClInclude>
    <ClInclude Include="QueueScribe.h">
      <Filter>Header Files\Scribe\Types\Std\Containers</Filter>
    </ClInclude>
    <ClInclude Include="SetScribe.h">
      <Filter>Header Files\Scribe\Types\Std\Containers</Filter>
    </ClInclude>
    <ClInclude Include="StackScribe.h">
      <Filter>Header Files\Scribe\Types\Std\Containers</Filter>
    </ClInclude>
    <ClInclude Include="UnorderedMapScribe.h">
      <Filter>Header Files\Scribe\Types\Std\Containers</Filter>
    </ClInclude>
    <ClInclude Include="UnorderedMultimapScribe.h">
      <Filter>Header Files\Scribe\Types\Std\Containers</Filter>
    </ClInclude>
    <ClInclude Include="UnorderedMultisetScribe.h">
      <Filter>Header Files\Scribe\Types\Std\Containers</Filter>
    </ClInclude>
    <ClInclude Include="UnorderedSetScribe.h">
      <Filter>Header Files\Scribe\Types\Std\Containers</Filter>
    </ClInclude>
    <ClInclude Include="VectorScribe.h">
      <Filter>Header Files\Scribe\Types\Std\Containers</Filter>
    </ClInclude>
    <ClInclude Include="Optional.h">
      <Filter>Header Files</Filter>
    </ClInclude>
    <ClInclude Include="OptionalScribe.h">
      <Filter>Header Files\Scribe\Types\Chroma</Filter>
    </ClInclude>
    <ClInclude Include="FileNameScribe.h">
      <Filter>Header Files\Scribe\Types\Chroma</Filter>
    </ClInclude>
    <ClInclude Include="FilePathScribe.h">
      <Filter>Header Files\Scribe\Types\Chroma</Filter>
    </ClInclude>
    <ClInclude Include="FilePath.h">
      <Filter>Header Files\File</Filter>
    </ClInclude>
    <ClInclude Include="FileName.h">
      <Filter>Header Files\File</Filter>
    </ClInclude>
    <ClInclude Include="Stream.h">
      <Filter>Header Files\Stream</Filter>
    </ClInclude>
    <ClInclude Include="TableBase.h">
      <Filter>Header Files\Scribe\Base\Table</Filter>
    </ClInclude>
    <ClInclude Include="AutoTableDataEntry.h">
      <Filter>Header Files\Scribe\Base\Table\Entry</Filter>
    </ClInclude>
    <ClInclude Include="NullTableData.h">
      <Filter>Header Files\Scribe\Base\Table</Filter>
    </ClInclude>
    <ClInclude Include="BaseTableDataEntry.h">
      <Filter>Header Files\Scribe\Base\Table\Entry</Filter>
    </ClInclude>
    <ClInclude Include="RelativeFilePathScribe.h">
      <Filter>Header Files\Scribe\Types\Chroma</Filter>
    </ClInclude>
  </ItemGroup>
  <ItemGroup>
    <Filter Include="Source Files">
      <UniqueIdentifier>{6e9ea269-e5f5-4da8-9376-5c6bc541410d}</UniqueIdentifier>
    </Filter>
    <Filter Include="Header Files">
      <UniqueIdentifier>{aae2e419-d92b-41fc-9673-61fdebbe78f9}</UniqueIdentifier>
    </Filter>
    <Filter Include="Header Files\Tracking">
      <UniqueIdentifier>{bc0ace39-c741-4690-a87e-8143d975203b}</UniqueIdentifier>
    </Filter>
    <Filter Include="Source Files\Tracking">
      <UniqueIdentifier>{c8f46b48-1813-4211-a8ac-2ae30f647a1a}</UniqueIdentifier>
    </Filter>
    <Filter Include="Source Files\Exception">
      <UniqueIdentifier>{a156a2e4-5114-46ed-8ed4-37f549eca858}</UniqueIdentifier>
    </Filter>
    <Filter Include="Header Files\Exception">
      <UniqueIdentifier>{c805fb58-e52c-4de5-8cd6-c411c2b15e85}</UniqueIdentifier>
    </Filter>
    <Filter Include="Header Files\File">
      <UniqueIdentifier>{c5548924-765d-4850-ac7a-e14bf3ba6cc4}</UniqueIdentifier>
    </Filter>
    <Filter Include="Header Files\File\Binary">
      <UniqueIdentifier>{e51976be-3438-41da-9a8a-c1329c02f09f}</UniqueIdentifier>
    </Filter>
    <Filter Include="Source Files\File">
      <UniqueIdentifier>{4b2fd956-e769-435e-9f36-9cfc81198d3b}</UniqueIdentifier>
    </Filter>
    <Filter Include="Source Files\File\Binary">
      <UniqueIdentifier>{88e2965e-e153-4168-a42a-c9c2433fd140}</UniqueIdentifier>
    </Filter>
    <Filter Include="Header Files\File\Simple">
      <UniqueIdentifier>{ae168c71-62b6-486e-b7e7-bf969d748ea9}</UniqueIdentifier>
    </Filter>
    <Filter Include="Source Files\File\Simple">
      <UniqueIdentifier>{0da20bb4-bb6a-400e-b509-3bb811e85d29}</UniqueIdentifier>
    </Filter>
    <Filter Include="Header Files\File\Text">
      <UniqueIdentifier>{12fb1c48-3f9d-4c89-a62e-e4db8f28ac57}</UniqueIdentifier>
    </Filter>
    <Filter Include="Source Files\File\Text">
      <UniqueIdentifier>{846caf04-11f4-4c88-b11e-8525bd76d058}</UniqueIdentifier>
    </Filter>
    <Filter Include="Source Files\Types">
      <UniqueIdentifier>{c2af1fe6-4b31-4af2-bcdf-f378967fc23c}</UniqueIdentifier>
    </Filter>
    <Filter Include="Header Files\RegisteredTypes">
      <UniqueIdentifier>{a94282ab-0153-40db-9e6e-d5084e869824}</UniqueIdentifier>
    </Filter>
    <Filter Include="Header Files\Const">
      <UniqueIdentifier>{2b46386c-26fb-4f92-9323-b3a57372b382}</UniqueIdentifier>
    </Filter>
    <Filter Include="Header Files\Tracking\Objects">
      <UniqueIdentifier>{ed20eea7-e3f1-41d8-92c3-e883dd90cb37}</UniqueIdentifier>
    </Filter>
    <Filter Include="Header Files\Tracking\Types">
      <UniqueIdentifier>{5b03f69e-08a1-42a6-bbc2-6ce145c190cc}</UniqueIdentifier>
    </Filter>
    <Filter Include="Source Files\Tracking\Object">
      <UniqueIdentifier>{2865c942-6cfd-457b-9714-ff820250220a}</UniqueIdentifier>
    </Filter>
    <Filter Include="Source Files\Tracking\Type">
      <UniqueIdentifier>{b4e6b262-6fa6-459f-af75-ddee826ed2cc}</UniqueIdentifier>
    </Filter>
    <Filter Include="Header Files\Polymorphic">
      <UniqueIdentifier>{b13e2d0f-0851-4fa5-8272-d9f607b1fe82}</UniqueIdentifier>
    </Filter>
    <Filter Include="Source Files\Polymorphic">
      <UniqueIdentifier>{a0c0ecdd-36ed-4396-91a4-847a10f9194e}</UniqueIdentifier>
    </Filter>
    <Filter Include="Header Files\Archive">
      <UniqueIdentifier>{1c7926d8-bc53-4c3b-bf6e-bad708f92962}</UniqueIdentifier>
    </Filter>
    <Filter Include="Header Files\Archive\Binary">
      <UniqueIdentifier>{7fa859c5-de32-4d9b-9656-0a974e0cb0c1}</UniqueIdentifier>
    </Filter>
    <Filter Include="Header Files\Archive\Text">
      <UniqueIdentifier>{34062363-d9e3-47db-a07f-2f1bd35c0893}</UniqueIdentifier>
    </Filter>
    <Filter Include="Source Files\Archive">
      <UniqueIdentifier>{ed8b69a7-caa0-402a-98cb-603d3356a2e1}</UniqueIdentifier>
    </Filter>
    <Filter Include="Source Files\Archive\Binary">
      <UniqueIdentifier>{59ebfdb7-5bcd-4245-8755-17e72479f51d}</UniqueIdentifier>
    </Filter>
    <Filter Include="Source Files\Archive\Text">
      <UniqueIdentifier>{964e3636-20a4-46f0-982a-5fc792492a96}</UniqueIdentifier>
    </Filter>
    <Filter Include="Header Files\Scribe">
      <UniqueIdentifier>{79516121-504c-4185-9fe6-6fa6be72c48f}</UniqueIdentifier>
    </Filter>
    <Filter Include="Header Files\Scribe\Errors">
      <UniqueIdentifier>{9ed82622-677f-4616-87fd-4cc582387423}</UniqueIdentifier>
    </Filter>
    <Filter Include="Source Files\Scribe">
      <UniqueIdentifier>{77864077-936b-4fb6-9985-97a286f7a838}</UniqueIdentifier>
    </Filter>
    <Filter Include="Header Files\ClassName">
      <UniqueIdentifier>{49abd94f-bb29-4aaa-a574-5c862138fcd7}</UniqueIdentifier>
    </Filter>
    <Filter Include="Source Files\Types\Std">
      <UniqueIdentifier>{f07728fe-6e76-4a28-ab6f-fcc8f464857b}</UniqueIdentifier>
    </Filter>
    <Filter Include="Source Files\Types\Chroma">
      <UniqueIdentifier>{cbed75a5-ec9f-40be-8cdc-150dc12d1153}</UniqueIdentifier>
    </Filter>
    <Filter Include="Header Files\Stream">
      <UniqueIdentifier>{8e4d3200-1027-424a-8260-0612e5ca2386}</UniqueIdentifier>
    </Filter>
    <Filter Include="Header Files\Scribe\Types">
      <UniqueIdentifier>{b579cb2a-9bba-4f1c-8df4-1605548a70af}</UniqueIdentifier>
    </Filter>
    <Filter Include="Header Files\Scribe\Types\Std">
      <UniqueIdentifier>{d8ac97b0-6f74-40b0-b9a9-76136d7a001e}</UniqueIdentifier>
    </Filter>
    <Filter Include="Header Files\Scribe\Types\Std\Containers">
      <UniqueIdentifier>{a916ce06-9c94-42e8-a93b-26626c159528}</UniqueIdentifier>
    </Filter>
    <Filter Include="Header Files\Scribe\Types\Chroma">
      <UniqueIdentifier>{e2741f3e-fdab-4852-90ca-e7ee27f81873}</UniqueIdentifier>
    </Filter>
    <Filter Include="Header Files\Scribe\Base">
      <UniqueIdentifier>{5641c513-6962-4cea-b837-11f91c61015c}</UniqueIdentifier>
    </Filter>
    <Filter Include="Header Files\Scribe\Base\Table">
      <UniqueIdentifier>{48b3ce0f-1150-4bbd-a964-f07481127ef6}</UniqueIdentifier>
    </Filter>
    <Filter Include="Header Files\Scribe\Base\Table\Entry">
      <UniqueIdentifier>{1e24104c-d323-4f29-a18d-56f1970fe0b9}</UniqueIdentifier>
    </Filter>
  </ItemGroup>
  <ItemGroup>
    <ClCompile Include="Endian.cpp">
      <Filter>Source Files</Filter>
    </ClCompile>
    <ClCompile Include="Buffer.cpp">
      <Filter>Source Files</Filter>
    </ClCompile>
    <ClCompile Include="InputBinaryFile.cpp">
      <Filter>Source Files\File\Binary</Filter>
    </ClCompile>
    <ClCompile Include="OutputBinaryFile.cpp">
      <Filter>Source Files\File\Binary</Filter>
    </ClCompile>
    <ClCompile Include="InvalidSignature.cpp">
      <Filter>Source Files\Exception</Filter>
    </ClCompile>
    <ClCompile Include="RegisteredTypeNotFound.cpp">
      <Filter>Source Files\Exception</Filter>
    </ClCompile>
    <ClCompile Include="Exception.cpp">
      <Filter>Source Files\Exception</Filter>
    </ClCompile>
    <ClCompile Include="InputSimpleFile.cpp">
      <Filter>Source Files\File\Simple</Filter>
    </ClCompile>
    <ClCompile Include="OutputSimpleFile.cpp">
      <Filter>Source Files\File\Simple</Filter>
    </ClCompile>
    <ClCompile Include="InputTextFile.cpp">
      <Filter>Source Files\File\Text</Filter>
    </ClCompile>
    <ClCompile Include="OutputTextFile.cpp">
      <Filter>Source Files\File\Text</Filter>
    </ClCompile>
    <ClCompile Include="FileEncounteredError.cpp">
      <Filter>Source Files\File</Filter>
    </ClCompile>
    <ClCompile Include="UnopenableFile.cpp">
      <Filter>Source Files\File</Filter>
    </ClCompile>
    <ClCompile Include="TableVariableNotHere.cpp">
      <Filter>Source Files\Scribe</Filter>
    </ClCompile>
    <ClCompile Include="BaseClassNotInTable.cpp">
      <Filter>Source Files\Scribe</Filter>
    </ClCompile>
    <ClCompile Include="TableNotConstructed.cpp">
      <Filter>Source Files\Scribe</Filter>
    </ClCompile>
    <ClCompile Include="TableNotLinked.cpp">
      <Filter>Source Files\Scribe</Filter>
    </ClCompile>
    <ClCompile Include="ObjectTracker.cpp">
      <Filter>Source Files\Tracking\Object</Filter>
    </ClCompile>
    <ClCompile Include="ObjectTrackingMap.cpp">
      <Filter>Source Files\Tracking\Object</Filter>
    </ClCompile>
    <ClCompile Include="ObjectTrackingMapEntry.cpp">
      <Filter>Source Files\Tracking\Object</Filter>
    </ClCompile>
    <ClCompile Include="TypeTracker.cpp">
      <Filter>Source Files\Tracking\Type</Filter>
    </ClCompile>
    <ClCompile Include="TypeTrackerEntry.cpp">
      <Filter>Source Files\Tracking\Type</Filter>
    </ClCompile>
    <ClCompile Include="Archive.cpp">
      <Filter>Source Files\Archive</Filter>
    </ClCompile>
    <ClCompile Include="BinaryArchive.cpp">
      <Filter>Source Files\Archive\Binary</Filter>
    </ClCompile>
    <ClCompile Include="InputBinaryArchive.cpp">
      <Filter>Source Files\Archive\Binary</Filter>
    </ClCompile>
    <ClCompile Include="OutputBinaryArchive.cpp">
      <Filter>Source Files\Archive\Binary</Filter>
    </ClCompile>
    <ClCompile Include="InputTextArchive.cpp">
      <Filter>Source Files\Archive\Text</Filter>
    </ClCompile>
    <ClCompile Include="OutputTextArchive.cpp">
      <Filter>Source Files\Archive\Text</Filter>
    </ClCompile>
    <ClCompile Include="TextArchive.cpp">
      <Filter>Source Files\Archive\Text</Filter>
    </ClCompile>
    <ClCompile Include="InvalidArchiveDirection.cpp">
      <Filter>Source Files\Archive</Filter>
    </ClCompile>
    <ClCompile Include="ScopeTrackingModifier.cpp">
      <Filter>Source Files\Tracking</Filter>
    </ClCompile>
    <ClCompile Include="PolymorphicTypeNotFound.cpp">
      <Filter>Source Files\Polymorphic</Filter>
    </ClCompile>
    <ClCompile Include="StringScribe.cpp">
      <Filter>Source Files\Types\Std</Filter>
    </ClCompile>
    <ClCompile Include="FilePathScribe.cpp">
      <Filter>Source Files\Types\Chroma</Filter>
    </ClCompile>
    <ClCompile Include="FileNameScribe.cpp">
      <Filter>Source Files\Types\Chroma</Filter>
    </ClCompile>
    <ClCompile Include="RelativeFilePathScribe.cpp">
      <Filter>Source Files\Types\Chroma</Filter>
    </ClCompile>
  </ItemGroup>
</Project>